{
  "version": 4,
  "terraform_version": "1.6.6",
  "serial": 38,
  "lineage": "1c63e9d6-2bb8-5404-f1de-72951f04149f",
  "outputs": {},
  "resources": [
    {
      "mode": "managed",
      "type": "newrelic_alert_policy",
      "name": "rakesh_nrql",
      "provider": "provider[\"registry.terraform.io/newrelic/newrelic\"]",
      "instances": [
        {
          "schema_version": 0,
          "attributes": {
            "account_id": 4399529,
            "channel_ids": null,
            "id": "5250506",
            "incident_preference": "PER_POLICY",
            "name": "tarraform_task2"
          },
          "sensitive_attributes": [],
          "private": "bnVsbA=="
        }
      ]
    },
    {
      "mode": "managed",
      "type": "newrelic_nrql_alert_condition",
      "name": "rkcondition_tarraform",
      "provider": "provider[\"registry.terraform.io/newrelic/newrelic\"]",
      "instances": [
        {
          "index_key": "alerts_key1",
          "schema_version": 0,
          "attributes": {
            "account_id": 4399529,
            "aggregation_delay": "120",
            "aggregation_method": "event_flow",
            "aggregation_timer": null,
            "aggregation_window": 60,
            "baseline_direction": null,
            "close_violations_on_expiration": false,
            "critical": [
              {
                "duration": 0,
                "operator": "above",
                "threshold": 30,
                "threshold_duration": 600,
                "threshold_occurrences": "all",
                "time_function": ""
              }
            ],
            "description": "Description for condition 1",
            "enabled": true,
            "entity_guid": "NDM5OTUyOXxBSU9QU3xDT05ESVRJT058NDA5OTkxNzY",
            "evaluation_delay": null,
            "expiration_duration": 0,
            "fill_option": "none",
            "fill_value": 0,
            "id": "5250506:40999176",
            "name": "condition1",
            "nrql": [
              {
                "evaluation_offset": 0,
                "query": "SELECT average(cpuPercent) FROM SystemSample FACET entityName",
                "since_value": ""
              }
            ],
            "open_violation_on_expiration": false,
            "policy_id": 5250506,
            "runbook_url": "https://example.com/runbook1",
            "slide_by": null,
            "term": [],
            "timeouts": null,
            "type": "static",
            "violation_time_limit": "NON_MATCHABLE_LIMIT_VALUE",
            "violation_time_limit_seconds": 259200,
            "warning": [
              {
                "duration": 0,
                "operator": "above",
                "threshold": 20,
                "threshold_duration": 600,
                "threshold_occurrences": "all",
                "time_function": ""
              }
            ]
          },
          "sensitive_attributes": [],
          "private": "eyJlMmJmYjczMC1lY2FhLTExZTYtOGY4OC0zNDM2M2JjN2M0YzAiOnsiY3JlYXRlIjozMDAwMDAwMDAwMH19",
          "dependencies": [
            "newrelic_alert_policy.rakesh_nrql"
          ]
        },
        {
          "index_key": "alerts_key2",
          "schema_version": 0,
          "attributes": {
            "account_id": 4399529,
            "aggregation_delay": "120",
            "aggregation_method": "event_flow",
            "aggregation_timer": null,
            "aggregation_window": 60,
            "baseline_direction": null,
            "close_violations_on_expiration": false,
            "critical": [
              {
                "duration": 0,
                "operator": "below",
                "threshold": 60,
                "threshold_duration": 600,
                "threshold_occurrences": "all",
                "time_function": ""
              }
            ],
            "description": "Description for condition 2",
            "enabled": true,
            "entity_guid": "NDM5OTUyOXxBSU9QU3xDT05ESVRJT058NDA5OTkxNzM",
            "evaluation_delay": null,
            "expiration_duration": 0,
            "fill_option": "none",
            "fill_value": 0,
            "id": "5250506:40999173",
            "name": "condition2",
            "nrql": [
              {
                "evaluation_offset": 0,
                "query": "SELECT average(cpuPercent) FROM SystemSample FACET entityName,agentName",
                "since_value": ""
              }
            ],
            "open_violation_on_expiration": false,
            "policy_id": 5250506,
            "runbook_url": "https://example.com/runbook2",
            "slide_by": null,
            "term": [],
            "timeouts": null,
            "type": "static",
            "violation_time_limit": "NON_MATCHABLE_LIMIT_VALUE",
            "violation_time_limit_seconds": 259200,
            "warning": [
              {
                "duration": 0,
                "operator": "below",
                "threshold": 20,
                "threshold_duration": 300,
                "threshold_occurrences": "all",
                "time_function": ""
              }
            ]
          },
          "sensitive_attributes": [],
          "private": "eyJlMmJmYjczMC1lY2FhLTExZTYtOGY4OC0zNDM2M2JjN2M0YzAiOnsiY3JlYXRlIjozMDAwMDAwMDAwMH19",
          "dependencies": [
            "newrelic_alert_policy.rakesh_nrql"
          ]
        }
      ]
    }
  ],
  "check_results": null
}
